
Microsoft Visual Studio Solution File, Format Version 12.00
# Visual Studio Version 17
VisualStudioVersion = 17.11.35005.142
MinimumVisualStudioVersion = 10.0.40219.1
Project("{FAE04EC0-301F-11D3-BF4B-00C04F79EFBC}") = "DiamondTest", "DiamondTest\DiamondTest.csproj", "{DFA49C24-7AE3-4793-AE23-C99A73972194}"
EndProject
Global
	GlobalSection(SolutionConfigurationPlatforms) = preSolution
		Debug|Any CPU = Debug|Any CPU
		Release|Any CPU = Release|Any CPU
	EndGlobalSection
	GlobalSection(ProjectConfigurationPlatforms) = postSolution
		{DFA49C24-7AE3-4793-AE23-C99A73972194}.Debug|Any CPU.ActiveCfg = Debug|Any CPU
		{DFA49C24-7AE3-4793-AE23-C99A73972194}.Debug|Any CPU.Build.0 = Debug|Any CPU
		{DFA49C24-7AE3-4793-AE23-C99A73972194}.Release|Any CPU.ActiveCfg = Release|Any CPU
		{DFA49C24-7AE3-4793-AE23-C99A73972194}.Release|Any CPU.Build.0 = Release|Any CPU
	EndGlobalSection
	GlobalSection(SolutionProperties) = preSolution
		HideSolutionNode = FALSE
	EndGlobalSection
	GlobalSection(ExtensibilityGlobals) = postSolution
		SolutionGuid = {500E950E-7E1D-472D-8506-2901F2761C87}
	EndGlobalSection
EndGlobal
