
Microsoft Visual Studio Solution File, Format Version 12.00
# Visual Studio Version 17
VisualStudioVersion = 17.11.35005.142
MinimumVisualStudioVersion = 10.0.40219.1
Project("{9A19103F-16F7-4668-BE54-9A1E7A4F7556}") = "KataDiamond", "KataDiamond\KataDiamond.csproj", "{81360E0D-BF88-4995-8C5F-3F846A41B09A}"
EndProject
Project("{9A19103F-16F7-4668-BE54-9A1E7A4F7556}") = "KataDiamondTest", "KataDiamondTest\KataDiamondTest.csproj", "{DFA49C24-7AE3-4793-AE23-C99A73972194}"
	ProjectSection(ProjectDependencies) = postProject
		{81360E0D-BF88-4995-8C5F-3F846A41B09A} = {81360E0D-BF88-4995-8C5F-3F846A41B09A}
	EndProjectSection
EndProject
Global
	GlobalSection(SolutionConfigurationPlatforms) = preSolution
		Debug|Any CPU = Debug|Any CPU
		Release|Any CPU = Release|Any CPU
	EndGlobalSection
	GlobalSection(ProjectConfigurationPlatforms) = postSolution
		{81360E0D-BF88-4995-8C5F-3F846A41B09A}.Debug|Any CPU.ActiveCfg = Debug|Any CPU
		{81360E0D-BF88-4995-8C5F-3F846A41B09A}.Debug|Any CPU.Build.0 = Debug|Any CPU
		{81360E0D-BF88-4995-8C5F-3F846A41B09A}.Release|Any CPU.ActiveCfg = Release|Any CPU
		{81360E0D-BF88-4995-8C5F-3F846A41B09A}.Release|Any CPU.Build.0 = Release|Any CPU
		{DFA49C24-7AE3-4793-AE23-C99A73972194}.Debug|Any CPU.ActiveCfg = Debug|Any CPU
		{DFA49C24-7AE3-4793-AE23-C99A73972194}.Debug|Any CPU.Build.0 = Debug|Any CPU
		{DFA49C24-7AE3-4793-AE23-C99A73972194}.Release|Any CPU.ActiveCfg = Release|Any CPU
		{DFA49C24-7AE3-4793-AE23-C99A73972194}.Release|Any CPU.Build.0 = Release|Any CPU
	EndGlobalSection
	GlobalSection(SolutionProperties) = preSolution
		HideSolutionNode = FALSE
	EndGlobalSection
	GlobalSection(ExtensibilityGlobals) = postSolution
		SolutionGuid = {500E950E-7E1D-472D-8506-2901F2761C87}
	EndGlobalSection
EndGlobal
